
Microsoft Visual Studio Solution File, Format Version 12.00
# Visual Studio 15
VisualStudioVersion = 15.0.26124.0
MinimumVisualStudioVersion = 15.0.26124.0
Project("{FAE04EC0-301F-11D3-BF4B-00C04F79EFBC}") = "SingleThreadedExecution", "SingleThreadedExecution\SingleThreadedExecution.csproj", "{4A87F135-66FA-44FC-AC14-34426FB0A3B1}"
EndProject
Project("{FAE04EC0-301F-11D3-BF4B-00C04F79EFBC}") = "GuardedSuspension", "GuardedSuspension\GuardedSuspension.csproj", "{9C74C271-A5D4-4ECB-9906-91A556C230AF}"
EndProject
Project("{FAE04EC0-301F-11D3-BF4B-00C04F79EFBC}") = "Immutable", "Immutable\Immutable.csproj", "{2DC87EE6-32D9-41A2-B643-C8D7FE28B2B7}"
EndProject
Project("{FAE04EC0-301F-11D3-BF4B-00C04F79EFBC}") = "Balking", "Balking\Balking.csproj", "{FF28E8F2-65DB-4123-BEEF-A70C6AA92708}"
EndProject
Project("{FAE04EC0-301F-11D3-BF4B-00C04F79EFBC}") = "ProducerConsumer", "ProducerConsumer\ProducerConsumer.csproj", "{08FD1D68-1E33-4C87-82D3-46E227348A50}"
EndProject
Project("{FAE04EC0-301F-11D3-BF4B-00C04F79EFBC}") = "ReadWriteLock", "ReadWriteLock\ReadWriteLock.csproj", "{074AB778-2F92-4A60-B2F1-B48F4E5FF554}"
EndProject
Project("{FAE04EC0-301F-11D3-BF4B-00C04F79EFBC}") = "ThreadPerMessage", "ThreadPerMessage\ThreadPerMessage.csproj", "{68DF98C5-4919-460F-8FB8-54F067E831C1}"
EndProject
Project("{FAE04EC0-301F-11D3-BF4B-00C04F79EFBC}") = "WorkerThread", "WorkerThread\WorkerThread.csproj", "{5623D888-DCBE-493D-8C8F-392C719747CA}"
EndProject
Project("{FAE04EC0-301F-11D3-BF4B-00C04F79EFBC}") = "Future", "Future\Future.csproj", "{C369B343-2384-4A8E-8388-913C67256730}"
EndProject
Project("{FAE04EC0-301F-11D3-BF4B-00C04F79EFBC}") = "TwoPhaseTermination", "TwoPhaseTermination\TwoPhaseTermination.csproj", "{71AA412B-72D5-4002-A531-16F578D15677}"
EndProject
Global
	GlobalSection(SolutionConfigurationPlatforms) = preSolution
		Debug|Any CPU = Debug|Any CPU
		Debug|x64 = Debug|x64
		Debug|x86 = Debug|x86
		Release|Any CPU = Release|Any CPU
		Release|x64 = Release|x64
		Release|x86 = Release|x86
	EndGlobalSection
	GlobalSection(SolutionProperties) = preSolution
		HideSolutionNode = FALSE
	EndGlobalSection
	GlobalSection(ProjectConfigurationPlatforms) = postSolution
		{4A87F135-66FA-44FC-AC14-34426FB0A3B1}.Debug|Any CPU.ActiveCfg = Debug|Any CPU
		{4A87F135-66FA-44FC-AC14-34426FB0A3B1}.Debug|Any CPU.Build.0 = Debug|Any CPU
		{4A87F135-66FA-44FC-AC14-34426FB0A3B1}.Debug|x64.ActiveCfg = Debug|Any CPU
		{4A87F135-66FA-44FC-AC14-34426FB0A3B1}.Debug|x64.Build.0 = Debug|Any CPU
		{4A87F135-66FA-44FC-AC14-34426FB0A3B1}.Debug|x86.ActiveCfg = Debug|Any CPU
		{4A87F135-66FA-44FC-AC14-34426FB0A3B1}.Debug|x86.Build.0 = Debug|Any CPU
		{4A87F135-66FA-44FC-AC14-34426FB0A3B1}.Release|Any CPU.ActiveCfg = Release|Any CPU
		{4A87F135-66FA-44FC-AC14-34426FB0A3B1}.Release|Any CPU.Build.0 = Release|Any CPU
		{4A87F135-66FA-44FC-AC14-34426FB0A3B1}.Release|x64.ActiveCfg = Release|Any CPU
		{4A87F135-66FA-44FC-AC14-34426FB0A3B1}.Release|x64.Build.0 = Release|Any CPU
		{4A87F135-66FA-44FC-AC14-34426FB0A3B1}.Release|x86.ActiveCfg = Release|Any CPU
		{4A87F135-66FA-44FC-AC14-34426FB0A3B1}.Release|x86.Build.0 = Release|Any CPU
		{9C74C271-A5D4-4ECB-9906-91A556C230AF}.Debug|Any CPU.ActiveCfg = Debug|Any CPU
		{9C74C271-A5D4-4ECB-9906-91A556C230AF}.Debug|Any CPU.Build.0 = Debug|Any CPU
		{9C74C271-A5D4-4ECB-9906-91A556C230AF}.Debug|x64.ActiveCfg = Debug|Any CPU
		{9C74C271-A5D4-4ECB-9906-91A556C230AF}.Debug|x64.Build.0 = Debug|Any CPU
		{9C74C271-A5D4-4ECB-9906-91A556C230AF}.Debug|x86.ActiveCfg = Debug|Any CPU
		{9C74C271-A5D4-4ECB-9906-91A556C230AF}.Debug|x86.Build.0 = Debug|Any CPU
		{9C74C271-A5D4-4ECB-9906-91A556C230AF}.Release|Any CPU.ActiveCfg = Release|Any CPU
		{9C74C271-A5D4-4ECB-9906-91A556C230AF}.Release|Any CPU.Build.0 = Release|Any CPU
		{9C74C271-A5D4-4ECB-9906-91A556C230AF}.Release|x64.ActiveCfg = Release|Any CPU
		{9C74C271-A5D4-4ECB-9906-91A556C230AF}.Release|x64.Build.0 = Release|Any CPU
		{9C74C271-A5D4-4ECB-9906-91A556C230AF}.Release|x86.ActiveCfg = Release|Any CPU
		{9C74C271-A5D4-4ECB-9906-91A556C230AF}.Release|x86.Build.0 = Release|Any CPU
		{2DC87EE6-32D9-41A2-B643-C8D7FE28B2B7}.Debug|Any CPU.ActiveCfg = Debug|Any CPU
		{2DC87EE6-32D9-41A2-B643-C8D7FE28B2B7}.Debug|Any CPU.Build.0 = Debug|Any CPU
		{2DC87EE6-32D9-41A2-B643-C8D7FE28B2B7}.Debug|x64.ActiveCfg = Debug|Any CPU
		{2DC87EE6-32D9-41A2-B643-C8D7FE28B2B7}.Debug|x64.Build.0 = Debug|Any CPU
		{2DC87EE6-32D9-41A2-B643-C8D7FE28B2B7}.Debug|x86.ActiveCfg = Debug|Any CPU
		{2DC87EE6-32D9-41A2-B643-C8D7FE28B2B7}.Debug|x86.Build.0 = Debug|Any CPU
		{2DC87EE6-32D9-41A2-B643-C8D7FE28B2B7}.Release|Any CPU.ActiveCfg = Release|Any CPU
		{2DC87EE6-32D9-41A2-B643-C8D7FE28B2B7}.Release|Any CPU.Build.0 = Release|Any CPU
		{2DC87EE6-32D9-41A2-B643-C8D7FE28B2B7}.Release|x64.ActiveCfg = Release|Any CPU
		{2DC87EE6-32D9-41A2-B643-C8D7FE28B2B7}.Release|x64.Build.0 = Release|Any CPU
		{2DC87EE6-32D9-41A2-B643-C8D7FE28B2B7}.Release|x86.ActiveCfg = Release|Any CPU
		{2DC87EE6-32D9-41A2-B643-C8D7FE28B2B7}.Release|x86.Build.0 = Release|Any CPU
		{FF28E8F2-65DB-4123-BEEF-A70C6AA92708}.Debug|Any CPU.ActiveCfg = Debug|Any CPU
		{FF28E8F2-65DB-4123-BEEF-A70C6AA92708}.Debug|Any CPU.Build.0 = Debug|Any CPU
		{FF28E8F2-65DB-4123-BEEF-A70C6AA92708}.Debug|x64.ActiveCfg = Debug|Any CPU
		{FF28E8F2-65DB-4123-BEEF-A70C6AA92708}.Debug|x64.Build.0 = Debug|Any CPU
		{FF28E8F2-65DB-4123-BEEF-A70C6AA92708}.Debug|x86.ActiveCfg = Debug|Any CPU
		{FF28E8F2-65DB-4123-BEEF-A70C6AA92708}.Debug|x86.Build.0 = Debug|Any CPU
		{FF28E8F2-65DB-4123-BEEF-A70C6AA92708}.Release|Any CPU.ActiveCfg = Release|Any CPU
		{FF28E8F2-65DB-4123-BEEF-A70C6AA92708}.Release|Any CPU.Build.0 = Release|Any CPU
		{FF28E8F2-65DB-4123-BEEF-A70C6AA92708}.Release|x64.ActiveCfg = Release|Any CPU
		{FF28E8F2-65DB-4123-BEEF-A70C6AA92708}.Release|x64.Build.0 = Release|Any CPU
		{FF28E8F2-65DB-4123-BEEF-A70C6AA92708}.Release|x86.ActiveCfg = Release|Any CPU
		{FF28E8F2-65DB-4123-BEEF-A70C6AA92708}.Release|x86.Build.0 = Release|Any CPU
		{08FD1D68-1E33-4C87-82D3-46E227348A50}.Debug|Any CPU.ActiveCfg = Debug|Any CPU
		{08FD1D68-1E33-4C87-82D3-46E227348A50}.Debug|Any CPU.Build.0 = Debug|Any CPU
		{08FD1D68-1E33-4C87-82D3-46E227348A50}.Debug|x64.ActiveCfg = Debug|Any CPU
		{08FD1D68-1E33-4C87-82D3-46E227348A50}.Debug|x64.Build.0 = Debug|Any CPU
		{08FD1D68-1E33-4C87-82D3-46E227348A50}.Debug|x86.ActiveCfg = Debug|Any CPU
		{08FD1D68-1E33-4C87-82D3-46E227348A50}.Debug|x86.Build.0 = Debug|Any CPU
		{08FD1D68-1E33-4C87-82D3-46E227348A50}.Release|Any CPU.ActiveCfg = Release|Any CPU
		{08FD1D68-1E33-4C87-82D3-46E227348A50}.Release|Any CPU.Build.0 = Release|Any CPU
		{08FD1D68-1E33-4C87-82D3-46E227348A50}.Release|x64.ActiveCfg = Release|Any CPU
		{08FD1D68-1E33-4C87-82D3-46E227348A50}.Release|x64.Build.0 = Release|Any CPU
		{08FD1D68-1E33-4C87-82D3-46E227348A50}.Release|x86.ActiveCfg = Release|Any CPU
		{08FD1D68-1E33-4C87-82D3-46E227348A50}.Release|x86.Build.0 = Release|Any CPU
		{074AB778-2F92-4A60-B2F1-B48F4E5FF554}.Debug|Any CPU.ActiveCfg = Debug|Any CPU
		{074AB778-2F92-4A60-B2F1-B48F4E5FF554}.Debug|Any CPU.Build.0 = Debug|Any CPU
		{074AB778-2F92-4A60-B2F1-B48F4E5FF554}.Debug|x64.ActiveCfg = Debug|Any CPU
		{074AB778-2F92-4A60-B2F1-B48F4E5FF554}.Debug|x64.Build.0 = Debug|Any CPU
		{074AB778-2F92-4A60-B2F1-B48F4E5FF554}.Debug|x86.ActiveCfg = Debug|Any CPU
		{074AB778-2F92-4A60-B2F1-B48F4E5FF554}.Debug|x86.Build.0 = Debug|Any CPU
		{074AB778-2F92-4A60-B2F1-B48F4E5FF554}.Release|Any CPU.ActiveCfg = Release|Any CPU
		{074AB778-2F92-4A60-B2F1-B48F4E5FF554}.Release|Any CPU.Build.0 = Release|Any CPU
		{074AB778-2F92-4A60-B2F1-B48F4E5FF554}.Release|x64.ActiveCfg = Release|Any CPU
		{074AB778-2F92-4A60-B2F1-B48F4E5FF554}.Release|x64.Build.0 = Release|Any CPU
		{074AB778-2F92-4A60-B2F1-B48F4E5FF554}.Release|x86.ActiveCfg = Release|Any CPU
		{074AB778-2F92-4A60-B2F1-B48F4E5FF554}.Release|x86.Build.0 = Release|Any CPU
		{68DF98C5-4919-460F-8FB8-54F067E831C1}.Debug|Any CPU.ActiveCfg = Debug|Any CPU
		{68DF98C5-4919-460F-8FB8-54F067E831C1}.Debug|Any CPU.Build.0 = Debug|Any CPU
		{68DF98C5-4919-460F-8FB8-54F067E831C1}.Debug|x64.ActiveCfg = Debug|Any CPU
		{68DF98C5-4919-460F-8FB8-54F067E831C1}.Debug|x64.Build.0 = Debug|Any CPU
		{68DF98C5-4919-460F-8FB8-54F067E831C1}.Debug|x86.ActiveCfg = Debug|Any CPU
		{68DF98C5-4919-460F-8FB8-54F067E831C1}.Debug|x86.Build.0 = Debug|Any CPU
		{68DF98C5-4919-460F-8FB8-54F067E831C1}.Release|Any CPU.ActiveCfg = Release|Any CPU
		{68DF98C5-4919-460F-8FB8-54F067E831C1}.Release|Any CPU.Build.0 = Release|Any CPU
		{68DF98C5-4919-460F-8FB8-54F067E831C1}.Release|x64.ActiveCfg = Release|Any CPU
		{68DF98C5-4919-460F-8FB8-54F067E831C1}.Release|x64.Build.0 = Release|Any CPU
		{68DF98C5-4919-460F-8FB8-54F067E831C1}.Release|x86.ActiveCfg = Release|Any CPU
		{68DF98C5-4919-460F-8FB8-54F067E831C1}.Release|x86.Build.0 = Release|Any CPU
		{5623D888-DCBE-493D-8C8F-392C719747CA}.Debug|Any CPU.ActiveCfg = Debug|Any CPU
		{5623D888-DCBE-493D-8C8F-392C719747CA}.Debug|Any CPU.Build.0 = Debug|Any CPU
		{5623D888-DCBE-493D-8C8F-392C719747CA}.Debug|x64.ActiveCfg = Debug|Any CPU
		{5623D888-DCBE-493D-8C8F-392C719747CA}.Debug|x64.Build.0 = Debug|Any CPU
		{5623D888-DCBE-493D-8C8F-392C719747CA}.Debug|x86.ActiveCfg = Debug|Any CPU
		{5623D888-DCBE-493D-8C8F-392C719747CA}.Debug|x86.Build.0 = Debug|Any CPU
		{5623D888-DCBE-493D-8C8F-392C719747CA}.Release|Any CPU.ActiveCfg = Release|Any CPU
		{5623D888-DCBE-493D-8C8F-392C719747CA}.Release|Any CPU.Build.0 = Release|Any CPU
		{5623D888-DCBE-493D-8C8F-392C719747CA}.Release|x64.ActiveCfg = Release|Any CPU
		{5623D888-DCBE-493D-8C8F-392C719747CA}.Release|x64.Build.0 = Release|Any CPU
		{5623D888-DCBE-493D-8C8F-392C719747CA}.Release|x86.ActiveCfg = Release|Any CPU
		{5623D888-DCBE-493D-8C8F-392C719747CA}.Release|x86.Build.0 = Release|Any CPU
		{C369B343-2384-4A8E-8388-913C67256730}.Debug|Any CPU.ActiveCfg = Debug|Any CPU
		{C369B343-2384-4A8E-8388-913C67256730}.Debug|Any CPU.Build.0 = Debug|Any CPU
		{C369B343-2384-4A8E-8388-913C67256730}.Debug|x64.ActiveCfg = Debug|Any CPU
		{C369B343-2384-4A8E-8388-913C67256730}.Debug|x64.Build.0 = Debug|Any CPU
		{C369B343-2384-4A8E-8388-913C67256730}.Debug|x86.ActiveCfg = Debug|Any CPU
		{C369B343-2384-4A8E-8388-913C67256730}.Debug|x86.Build.0 = Debug|Any CPU
		{C369B343-2384-4A8E-8388-913C67256730}.Release|Any CPU.ActiveCfg = Release|Any CPU
		{C369B343-2384-4A8E-8388-913C67256730}.Release|Any CPU.Build.0 = Release|Any CPU
		{C369B343-2384-4A8E-8388-913C67256730}.Release|x64.ActiveCfg = Release|Any CPU
		{C369B343-2384-4A8E-8388-913C67256730}.Release|x64.Build.0 = Release|Any CPU
		{C369B343-2384-4A8E-8388-913C67256730}.Release|x86.ActiveCfg = Release|Any CPU
		{C369B343-2384-4A8E-8388-913C67256730}.Release|x86.Build.0 = Release|Any CPU
		{71AA412B-72D5-4002-A531-16F578D15677}.Debug|Any CPU.ActiveCfg = Debug|Any CPU
		{71AA412B-72D5-4002-A531-16F578D15677}.Debug|Any CPU.Build.0 = Debug|Any CPU
		{71AA412B-72D5-4002-A531-16F578D15677}.Debug|x64.ActiveCfg = Debug|Any CPU
		{71AA412B-72D5-4002-A531-16F578D15677}.Debug|x64.Build.0 = Debug|Any CPU
		{71AA412B-72D5-4002-A531-16F578D15677}.Debug|x86.ActiveCfg = Debug|Any CPU
		{71AA412B-72D5-4002-A531-16F578D15677}.Debug|x86.Build.0 = Debug|Any CPU
		{71AA412B-72D5-4002-A531-16F578D15677}.Release|Any CPU.ActiveCfg = Release|Any CPU
		{71AA412B-72D5-4002-A531-16F578D15677}.Release|Any CPU.Build.0 = Release|Any CPU
		{71AA412B-72D5-4002-A531-16F578D15677}.Release|x64.ActiveCfg = Release|Any CPU
		{71AA412B-72D5-4002-A531-16F578D15677}.Release|x64.Build.0 = Release|Any CPU
		{71AA412B-72D5-4002-A531-16F578D15677}.Release|x86.ActiveCfg = Release|Any CPU
		{71AA412B-72D5-4002-A531-16F578D15677}.Release|x86.Build.0 = Release|Any CPU
	EndGlobalSection
EndGlobal
